# This file is @generated by PDM.
# It is not intended for manual editing.

[metadata]
groups = ["default", "dev"]
strategy = ["cross_platform"]
lock_version = "4.4"
content_hash = "sha256:ba3516d1b8a66bba0087411e9537c1ef0704bbfae0232271c1d9398d1b459ad5"

[[package]]
name = "objprint"
version = "0.2.3"
requires_python = ">=3.6"
summary = "A library that can print Python objects in human readable format"
files = [
    {file = "objprint-0.2.3-py3-none-any.whl", hash = "sha256:1721e6f97bae5c5b86c2716a0d45a9dd2c9a4cd9f52cfc8a0dfbe801805554cb"},
    {file = "objprint-0.2.3.tar.gz", hash = "sha256:73d0ad5a7c3151fce634c8892e5c2a050ccae3b1a353bf1316f08b7854da863b"},
]

[[package]]
name = "typing-extensions"
version = "4.10.0"
requires_python = ">=3.8"
summary = "Backported and Experimental Type Hints for Python 3.8+"
files = [
    {file = "typing_extensions-4.10.0-py3-none-any.whl", hash = "sha256:69b1a937c3a517342112fb4c6df7e72fc39a38e7891a5730ed4985b5214b5475"},
    {file = "typing_extensions-4.10.0.tar.gz", hash = "sha256:b0abd7c89e8fb96f98db18d86106ff1d90ab692004eb746cf6eda2682f91b3cb"},
]

[[package]]
name = "viztracer"
version = "0.16.2"
requires_python = ">=3.8"
summary = "A debugging and profiling tool that can trace and visualize python code execution"
dependencies = [
    "objprint>0.1.3",
]
files = [
    {file = "viztracer-0.16.2-cp311-cp311-macosx_10_15_x86_64.whl", hash = "sha256:b0bd434c43b7f87f76ddd21cf7371d910edb74b131aaff670a8fcc9f28251e67"},
    {file = "viztracer-0.16.2-cp311-cp311-macosx_11_0_arm64.whl", hash = "sha256:1bbbb9c80b08db692993c67e7b10d7b06db3eedc6c38f0d93a40ea31de82076e"},
    {file = "viztracer-0.16.2-cp311-cp311-manylinux_2_17_aarch64.manylinux2014_aarch64.whl", hash = "sha256:a1e7842e437d81fb47ef8266b2dde76bf755c95305014eeec8346b2fce9711c0"},
    {file = "viztracer-0.16.2-cp311-cp311-manylinux_2_17_i686.manylinux2014_i686.whl", hash = "sha256:bddfe6a6f2a66f363fcca79a694986b0602ba0dc3dede57dc182cdd6d0823585"},
    {file = "viztracer-0.16.2-cp311-cp311-manylinux_2_17_x86_64.manylinux2014_x86_64.whl", hash = "sha256:dc4a2639e6f18200b73a70f3e7dca4cbb3ba08e3807023fd526f44ebf2185d1e"},
    {file = "viztracer-0.16.2-cp311-cp311-win32.whl", hash = "sha256:371496734ebb3eafd6a6e033dbf04960618089e021dc7eded95179a8f3700c40"},
    {file = "viztracer-0.16.2-cp311-cp311-win_amd64.whl", hash = "sha256:d9c7670e7fb077fe48c92036766a6772e10a3caf41455d6244b8b1c8d48bbd87"},
    {file = "viztracer-0.16.2-cp312-cp312-macosx_10_15_x86_64.whl", hash = "sha256:2fd8b5aa8143b5be4d696e53e8ac5027c20187c178396839f39f8aa610d5873d"},
    {file = "viztracer-0.16.2-cp312-cp312-macosx_11_0_arm64.whl", hash = "sha256:f3a8ddc4990154f2d400b09deefc9236d963a733d458b2825bd590ced7e7bf89"},
    {file = "viztracer-0.16.2-cp312-cp312-manylinux_2_17_aarch64.manylinux2014_aarch64.whl", hash = "sha256:fcf8b14dc8dd1567bca3f8cb13e31665a3cbf2ee95552de0afe9179e3a7bde22"},
    {file = "viztracer-0.16.2-cp312-cp312-manylinux_2_17_i686.manylinux2014_i686.whl", hash = "sha256:309cf5d545222adb2581ae6aeb48d3d03d7241d335142408d87c49f1d0793f85"},
    {file = "viztracer-0.16.2-cp312-cp312-manylinux_2_17_x86_64.manylinux2014_x86_64.whl", hash = "sha256:ee749a2a3f4ed662d35eb9378ff0648907aa6321befa16ad1d8bec6034b4d260"},
    {file = "viztracer-0.16.2-cp312-cp312-win32.whl", hash = "sha256:a082dab37b6b8cea43438b80a11a6e859f1b45522b8684a2fb9af03539d83803"},
    {file = "viztracer-0.16.2-cp312-cp312-win_amd64.whl", hash = "sha256:03cd21181fe9a630ac5fb9ff1ee83fb7a67814e51e130f0ed83300e163fbac23"},
    {file = "viztracer-0.16.2.tar.gz", hash = "sha256:8dff5637a7b42ffdbc1ed3768ce43979e71b09893ff370bc3c3ede54afed93ee"},
]
